
Microsoft Visual Studio Solution File, Format Version 12.00
# Visual Studio Version 16
VisualStudioVersion = 16.0.31424.327
MinimumVisualStudioVersion = 10.0.40219.1
Project("{9A19103F-16F7-4668-BE54-9A1E7A4F7556}") = "Movies.Domain", "src\Movies.Domain\Movies.Domain.csproj", "{05CAFF12-18A4-4F7A-8B61-AF5FE053A532}"
EndProject
Project("{9A19103F-16F7-4668-BE54-9A1E7A4F7556}") = "Movies.Application", "src\Movies.Application\Movies.Application.csproj", "{D784F11A-C3CD-486D-A57B-DFDB3F804691}"
EndProject
Project("{9A19103F-16F7-4668-BE54-9A1E7A4F7556}") = "Movies.API", "src\Movies.API\Movies.API.csproj", "{F74DB1FD-098B-4A42-8876-1E2B4FB4BA2B}"
EndProject
Project("{FAE04EC0-301F-11D3-BF4B-00C04F79EFBC}") = "Movies.Infrastructure", "src\Movies.Infrastructure\Movies.Infrastructure.csproj", "{1A20D5FE-31B0-4A0E-AC32-2362115C3469}"
EndProject
Global
	GlobalSection(SolutionConfigurationPlatforms) = preSolution
		Debug|Any CPU = Debug|Any CPU
		Release|Any CPU = Release|Any CPU
	EndGlobalSection
	GlobalSection(ProjectConfigurationPlatforms) = postSolution
		{05CAFF12-18A4-4F7A-8B61-AF5FE053A532}.Debug|Any CPU.ActiveCfg = Debug|Any CPU
		{05CAFF12-18A4-4F7A-8B61-AF5FE053A532}.Debug|Any CPU.Build.0 = Debug|Any CPU
		{05CAFF12-18A4-4F7A-8B61-AF5FE053A532}.Release|Any CPU.ActiveCfg = Release|Any CPU
		{05CAFF12-18A4-4F7A-8B61-AF5FE053A532}.Release|Any CPU.Build.0 = Release|Any CPU
		{D784F11A-C3CD-486D-A57B-DFDB3F804691}.Debug|Any CPU.ActiveCfg = Debug|Any CPU
		{D784F11A-C3CD-486D-A57B-DFDB3F804691}.Debug|Any CPU.Build.0 = Debug|Any CPU
		{D784F11A-C3CD-486D-A57B-DFDB3F804691}.Release|Any CPU.ActiveCfg = Release|Any CPU
		{D784F11A-C3CD-486D-A57B-DFDB3F804691}.Release|Any CPU.Build.0 = Release|Any CPU
		{F74DB1FD-098B-4A42-8876-1E2B4FB4BA2B}.Debug|Any CPU.ActiveCfg = Debug|Any CPU
		{F74DB1FD-098B-4A42-8876-1E2B4FB4BA2B}.Debug|Any CPU.Build.0 = Debug|Any CPU
		{F74DB1FD-098B-4A42-8876-1E2B4FB4BA2B}.Release|Any CPU.ActiveCfg = Release|Any CPU
		{F74DB1FD-098B-4A42-8876-1E2B4FB4BA2B}.Release|Any CPU.Build.0 = Release|Any CPU
		{1A20D5FE-31B0-4A0E-AC32-2362115C3469}.Debug|Any CPU.ActiveCfg = Debug|Any CPU
		{1A20D5FE-31B0-4A0E-AC32-2362115C3469}.Debug|Any CPU.Build.0 = Debug|Any CPU
		{1A20D5FE-31B0-4A0E-AC32-2362115C3469}.Release|Any CPU.ActiveCfg = Release|Any CPU
		{1A20D5FE-31B0-4A0E-AC32-2362115C3469}.Release|Any CPU.Build.0 = Release|Any CPU
	EndGlobalSection
	GlobalSection(SolutionProperties) = preSolution
		HideSolutionNode = FALSE
	EndGlobalSection
	GlobalSection(ExtensibilityGlobals) = postSolution
		SolutionGuid = {4DB04C14-3F70-4661-A996-D160F8A6B0CF}
	EndGlobalSection
EndGlobal
